
Microsoft Visual Studio Solution File, Format Version 12.00
# Visual Studio Version 17
VisualStudioVersion = 17.12.35527.113 d17.12
MinimumVisualStudioVersion = 10.0.40219.1
Project("{FAE04EC0-301F-11D3-BF4B-00C04F79EFBC}") = "CSharpEgitimiKampi601", "CSharpEgitimiKampi601\CSharpEgitimiKampi601.csproj", "{6FB0D670-F15F-48B6-9033-AD9A8F1BDC04}"
EndProject
Global
	GlobalSection(SolutionConfigurationPlatforms) = preSolution
		Debug|Any CPU = Debug|Any CPU
		Release|Any CPU = Release|Any CPU
	EndGlobalSection
	GlobalSection(ProjectConfigurationPlatforms) = postSolution
		{6FB0D670-F15F-48B6-9033-AD9A8F1BDC04}.Debug|Any CPU.ActiveCfg = Debug|Any CPU
		{6FB0D670-F15F-48B6-9033-AD9A8F1BDC04}.Debug|Any CPU.Build.0 = Debug|Any CPU
		{6FB0D670-F15F-48B6-9033-AD9A8F1BDC04}.Release|Any CPU.ActiveCfg = Release|Any CPU
		{6FB0D670-F15F-48B6-9033-AD9A8F1BDC04}.Release|Any CPU.Build.0 = Release|Any CPU
	EndGlobalSection
	GlobalSection(SolutionProperties) = preSolution
		HideSolutionNode = FALSE
	EndGlobalSection
EndGlobal
